{
  "version": "5",
  "specifiers": {
    "jsr:@supabase/supabase-js@2": "2.108.2"
  },
  "jsr": {
    "@supabase/supabase-js@2.108.2": {
      "integrity": "db603b534b1939a216ef004fe9fdd0c72bb4ba097fb04be23ea76cb8c70272aa"
    }
  },
  "workspace": {
    "packageJson": {
      "dependencies": [
        "npm:typescript@^5.4.0"
      ]
    },
    "members": {
      "apps/mobile": {
        "packageJson": {
          "dependencies": [
            "npm:@supabase/supabase-js@^2.108.2",
            "npm:@types/react@~19.2.2",
            "npm:base64-arraybuffer@^1.0.2",
            "npm:expo-application@~56.0.3",
            "npm:expo-camera@~56.0.8",
            "npm:expo-location@~56.0.18",
            "npm:expo-notifications@~56.0.18",
            "npm:expo-router@~56.2.11",
            "npm:expo-secure-store@~56.0.4",
            "npm:expo-sensors@~56.0.6",
            "npm:expo-status-bar@~56.0.4",
            "npm:expo@~56.0.12",
            "npm:patch-package@^8.0.1",
            "npm:react-native-safe-area-context@5.7",
            "npm:react-native-screens@4.25.2",
            "npm:react-native@0.85.3",
            "npm:react@19.2.3",
            "npm:typescript@~6.0.3",
            "npm:zustand@^5.0.14"
          ]
        }
      },
      "apps/web": {
        "packageJson": {
          "dependencies": [
            "npm:@supabase/ssr@0.12",
            "npm:@supabase/supabase-js@^2.108.2",
            "npm:@tailwindcss/postcss@4",
            "npm:@types/node@20",
            "npm:@types/react-dom@19",
            "npm:@types/react@19",
            "npm:eslint-config-next@16.2.9",
            "npm:eslint@9",
            "npm:next@16.2.9",
            "npm:react-dom@19.2.4",
            "npm:react@19.2.4",
            "npm:tailwindcss@4",
            "npm:typescript@5"
          ]
        }
      }
    }
  }
}
